<?xml version="1.0" encoding="utf-8"?>
<Project ToolsVersion="4.0" xmlns="http://schemas.microsoft.com/developer/msbuild/2003">
  <ItemGroup>
    <Filter Include="Source Files">
      <UniqueIdentifier>{4FC737F1-C7A5-4376-A066-2A32D752A2FF}</UniqueIdentifier>
      <Extensions>cpp;c;cc;cxx;def;odl;idl;hpj;bat;asm;asmx</Extensions>
    </Filter>
    <Filter Include="Header Files">
      <UniqueIdentifier>{93995380-89BD-4b04-88EB-625FBE52EBFB}</UniqueIdentifier>
      <Extensions>h;hh;hpp;hxx;hm;inl;inc;xsd</Extensions>
    </Filter>
    <Filter Include="Resource Files">
      <UniqueIdentifier>{67DA6AB6-F800-4c08-8B7A-83BB121AAD01}</UniqueIdentifier>
      <Extensions>rc;ico;cur;bmp;dlg;rc2;rct;bin;rgs;gif;jpg;jpeg;jpe;resx;tiff;tif;png;wav;mfcribbon-ms</Extensions>
    </Filter>
  </ItemGroup>
  <ItemGroup>
    <ClCompile Include="LogIn.cpp">
      <Filter>Source Files</Filter>
    </ClCompile>
    <ClCompile Include="PatientManager.cpp">
      <Filter>Source Files</Filter>
    </ClCompile>
    <ClCompile Include="NewPatient.cpp">
      <Filter>Source Files</Filter>
    </ClCompile>
    <ClCompile Include="Patient.cpp">
      <Filter>Source Files</Filter>
    </ClCompile>
    <ClCompile Include="WacomRecorder.cpp">
      <Filter>Source Files</Filter>
    </ClCompile>
    <ClCompile Include="AlreadyOneTest.cpp">
      <Filter>Source Files</Filter>
    </ClCompile>
    <ClCompile Include="Dependencies\queryNodes.cpp">
      <Filter>Source Files</Filter>
    </ClCompile>
    <ClCompile Include="Dependencies\stdafx.cpp">
      <Filter>Source Files</Filter>
    </ClCompile>
    <ClCompile Include="Dependencies\Utils.cpp">
      <Filter>Source Files</Filter>
    </ClCompile>
    <ClCompile Include="TestManager.cpp">
      <Filter>Source Files</Filter>
    </ClCompile>
    <ClCompile Include="LMRecorder.cpp">
      <Filter>Source Files</Filter>
    </ClCompile>
    <ClCompile Include="LanguageInformation.cpp">
      <Filter>Source Files</Filter>
    </ClCompile>
    <ClCompile Include="SocialSituation.cpp">
      <Filter>Source Files</Filter>
    </ClCompile>
    <ClCompile Include="RiskFactors.cpp">
      <Filter>Source Files</Filter>
    </ClCompile>
    <ClCompile Include="MedicalHistory.cpp">
      <Filter>Source Files</Filter>
    </ClCompile>
    <ClCompile Include="OtherAntecedents.cpp">
      <Filter>Source Files</Filter>
    </ClCompile>
    <ClCompile Include="Treatments.cpp">
      <Filter>Source Files</Filter>
    </ClCompile>
    <ClCompile Include="NeuropsychologicalAssessment.cpp">
      <Filter>Source Files</Filter>
    </ClCompile>
    <ClCompile Include="BilanNeuropsychologic.cpp">
      <Filter>Source Files</Filter>
    </ClCompile>
    <ClCompile Include="PsychiatricHistory.cpp">
      <Filter>Source Files</Filter>
    </ClCompile>
    <ClCompile Include="RheumatologicHistory.cpp">
      <Filter>Source Files</Filter>
    </ClCompile>
    <ClCompile Include="NeurologicHistory.cpp">
      <Filter>Source Files</Filter>
    </ClCompile>
    <ClCompile Include="CognitiveDiagnosis.cpp">
      <Filter>Source Files</Filter>
    </ClCompile>
    <ClCompile Include="DataM12.cpp">
      <Filter>Source Files</Filter>
    </ClCompile>
    <ClCompile Include="Patient_BasicInfo.cpp">
      <Filter>Source Files</Filter>
    </ClCompile>
    <ClCompile Include="Patient_LanguageInformation.cpp">
      <Filter>Source Files</Filter>
    </ClCompile>
    <ClCompile Include="Patient_SocialSituation.cpp">
      <Filter>Source Files</Filter>
    </ClCompile>
    <ClCompile Include="Patient_MedicalHistory.cpp">
      <Filter>Source Files</Filter>
    </ClCompile>
    <ClCompile Include="extended_bool.cpp">
      <Filter>Source Files</Filter>
    </ClCompile>
    <ClCompile Include="Patient_OtherAntecedents.cpp">
      <Filter>Source Files</Filter>
    </ClCompile>
    <ClCompile Include="Patient_RiskFactor.cpp">
      <Filter>Source Files</Filter>
    </ClCompile>
    <ClCompile Include="Patient_Treatments.cpp">
      <Filter>Source Files</Filter>
    </ClCompile>
    <ClCompile Include="Patient_NeuropsychologicalAssessment.cpp">
      <Filter>Source Files</Filter>
    </ClCompile>
    <ClCompile Include="Patient_BilanNeuropsychologic.cpp">
      <Filter>Source Files</Filter>
    </ClCompile>
    <ClCompile Include="Patient_CognitiveDiagnosis.cpp">
      <Filter>Source Files</Filter>
    </ClCompile>
    <ClCompile Include="Patient_NeurologicHistory.cpp">
      <Filter>Source Files</Filter>
    </ClCompile>
    <ClCompile Include="Patient_PsychiatricHistory.cpp">
      <Filter>Source Files</Filter>
    </ClCompile>
    <ClCompile Include="Patient_RheumatologicHistory.cpp">
      <Filter>Source Files</Filter>
    </ClCompile>
    <ClCompile Include="Patient_DataM12.cpp">
      <Filter>Source Files</Filter>
    </ClCompile>
  </ItemGroup>
  <ItemGroup>
    <ClInclude Include="LogIn.h">
      <Filter>Header Files</Filter>
    </ClInclude>
    <ClInclude Include="PatientManager.h">
      <Filter>Header Files</Filter>
    </ClInclude>
    <ClInclude Include="NewPatient.h">
      <Filter>Header Files</Filter>
    </ClInclude>
    <ClInclude Include="Patient.h">
      <Filter>Header Files</Filter>
    </ClInclude>
    <ClInclude Include="WacomRecorder.h">
      <Filter>Header Files</Filter>
    </ClInclude>
    <ClInclude Include="AlreadyOneTest.h">
      <Filter>Header Files</Filter>
    </ClInclude>
    <ClInclude Include="TestManager.h">
      <Filter>Header Files</Filter>
    </ClInclude>
    <ClInclude Include="LMRecorder.h">
      <Filter>Header Files</Filter>
    </ClInclude>
    <ClInclude Include="LanguageInformation.h">
      <Filter>Header Files</Filter>
    </ClInclude>
    <ClInclude Include="SocialSituation.h">
      <Filter>Header Files</Filter>
    </ClInclude>
    <ClInclude Include="RiskFactors.h">
      <Filter>Header Files</Filter>
    </ClInclude>
    <ClInclude Include="MedicalHistory.h">
      <Filter>Header Files</Filter>
    </ClInclude>
    <ClInclude Include="OtherAntecedents.h">
      <Filter>Header Files</Filter>
    </ClInclude>
    <ClInclude Include="Treatments.h">
      <Filter>Header Files</Filter>
    </ClInclude>
    <ClInclude Include="NeuropsychologicalAssessment.h">
      <Filter>Header Files</Filter>
    </ClInclude>
    <ClInclude Include="BilanNeuropsychologic.h">
      <Filter>Header Files</Filter>
    </ClInclude>
    <ClInclude Include="PsychiatricHistory.h">
      <Filter>Header Files</Filter>
    </ClInclude>
    <ClInclude Include="RheumatologicHistory.h">
      <Filter>Header Files</Filter>
    </ClInclude>
    <ClInclude Include="NeurologicHistory.h">
      <Filter>Header Files</Filter>
    </ClInclude>
    <ClInclude Include="CognitiveDiagnosis.h">
      <Filter>Header Files</Filter>
    </ClInclude>
    <ClInclude Include="DataM12.h">
      <Filter>Header Files</Filter>
    </ClInclude>
    <ClInclude Include="Patient_BasicInfo.h">
      <Filter>Header Files</Filter>
    </ClInclude>
    <ClInclude Include="Patient_LanguageInformation.h">
      <Filter>Header Files</Filter>
    </ClInclude>
    <ClInclude Include="Patient_SocialSituation.h">
      <Filter>Header Files</Filter>
    </ClInclude>
    <ClInclude Include="Patient_MedicalHistory.h">
      <Filter>Header Files</Filter>
    </ClInclude>
    <ClInclude Include="extended_bool.h">
      <Filter>Header Files</Filter>
    </ClInclude>
    <ClInclude Include="Patient_OtherAntecedents.h">
      <Filter>Header Files</Filter>
    </ClInclude>
    <ClInclude Include="Patient_RiskFactor.h">
      <Filter>Header Files</Filter>
    </ClInclude>
    <ClInclude Include="Patient_Treatments.h">
      <Filter>Header Files</Filter>
    </ClInclude>
    <ClInclude Include="Patient_NeuropsychologicalAssessment.h">
      <Filter>Header Files</Filter>
    </ClInclude>
    <ClInclude Include="Patient_BilanNeuropsychologic.h">
      <Filter>Header Files</Filter>
    </ClInclude>
    <ClInclude Include="Patient_CognitiveDiagnosis.h">
      <Filter>Header Files</Filter>
    </ClInclude>
    <ClInclude Include="Patient_NeurologicHistory.h">
      <Filter>Header Files</Filter>
    </ClInclude>
    <ClInclude Include="Patient_PsychiatricHistory.h">
      <Filter>Header Files</Filter>
    </ClInclude>
    <ClInclude Include="Patient_RheumatologicHistory.h">
      <Filter>Header Files</Filter>
    </ClInclude>
    <ClInclude Include="Patient_DataM12.h">
      <Filter>Header Files</Filter>
    </ClInclude>
  </ItemGroup>
  <ItemGroup>
    <EmbeddedResource Include="LogIn.resx">
      <Filter>Resource Files</Filter>
    </EmbeddedResource>
    <EmbeddedResource Include="NewPatient.resx">
      <Filter>Resource Files</Filter>
    </EmbeddedResource>
    <EmbeddedResource Include="PatientManager.resx">
      <Filter>Resource Files</Filter>
    </EmbeddedResource>
    <EmbeddedResource Include="AlreadyOneTest.resx">
      <Filter>Resource Files</Filter>
    </EmbeddedResource>
    <EmbeddedResource Include="TestManager.resx">
      <Filter>Resource Files</Filter>
    </EmbeddedResource>
    <EmbeddedResource Include="LanguageInformation.resx">
      <Filter>Resource Files</Filter>
    </EmbeddedResource>
    <EmbeddedResource Include="RiskFactors.resx">
      <Filter>Resource Files</Filter>
    </EmbeddedResource>
    <EmbeddedResource Include="SocialSituation.resx">
      <Filter>Resource Files</Filter>
    </EmbeddedResource>
    <EmbeddedResource Include="MedicalHistory.resx">
      <Filter>Resource Files</Filter>
    </EmbeddedResource>
    <EmbeddedResource Include="Treatments.resx">
      <Filter>Resource Files</Filter>
    </EmbeddedResource>
    <EmbeddedResource Include="BilanNeuropsychologic.resx">
      <Filter>Resource Files</Filter>
    </EmbeddedResource>
    <EmbeddedResource Include="NeuropsychologicalAssessment.resx">
      <Filter>Resource Files</Filter>
    </EmbeddedResource>
    <EmbeddedResource Include="OtherAntecedents.resx">
      <Filter>Resource Files</Filter>
    </EmbeddedResource>
    <EmbeddedResource Include="PsychiatricHistory.resx">
      <Filter>Resource Files</Filter>
    </EmbeddedResource>
    <EmbeddedResource Include="NeurologicHistory.resx">
      <Filter>Resource Files</Filter>
    </EmbeddedResource>
    <EmbeddedResource Include="RheumatologicHistory.resx">
      <Filter>Resource Files</Filter>
    </EmbeddedResource>
    <EmbeddedResource Include="CognitiveDiagnosis.resx">
      <Filter>Resource Files</Filter>
    </EmbeddedResource>
    <EmbeddedResource Include="DataM12.resx">
      <Filter>Resource Files</Filter>
    </EmbeddedResource>
  </ItemGroup>
  <ItemGroup>
    <Xml Include="XML\strings.xml">
      <Filter>Resource Files</Filter>
    </Xml>
    <Xml Include="XML\strings_languages.xml">
      <Filter>Resource Files</Filter>
    </Xml>
    <Xml Include="XML\strings_professions.xml">
      <Filter>Resource Files</Filter>
    </Xml>
  </ItemGroup>
  <ItemGroup>
    <ResourceCompile Include="WacomRecorder.rc">
      <Filter>Resource Files</Filter>
    </ResourceCompile>
  </ItemGroup>
</Project>